// !$*UTF8*$!
{
	archiveVersion = 1;
	classes = {
	};
	objectVersion = 46;
	objects = {

/* Begin PBXBuildFile section */
		936E4EE1F0B67CC795A2CD0E /* Pods_iX_test.framework in Frameworks */ = {isa = PBXBuildFile; fileRef = AFB5CEF6910F51835F12E099 /* Pods_iX_test.framework */; };
		A083CF431F0BD103007AEFBC /* AppDelegate.swift in Sources */ = {isa = PBXBuildFile; fileRef = A083CF421F0BD103007AEFBC /* AppDelegate.swift */; };
		A083CF451F0BD103007AEFBC /* MapViewController.swift in Sources */ = {isa = PBXBuildFile; fileRef = A083CF441F0BD103007AEFBC /* MapViewController.swift */; };
		A083CF481F0BD103007AEFBC /* Main.storyboard in Resources */ = {isa = PBXBuildFile; fileRef = A083CF461F0BD103007AEFBC /* Main.storyboard */; };
		A083CF4A1F0BD103007AEFBC /* Assets.xcassets in Resources */ = {isa = PBXBuildFile; fileRef = A083CF491F0BD103007AEFBC /* Assets.xcassets */; };
		A083CF4D1F0BD103007AEFBC /* LaunchScreen.storyboard in Resources */ = {isa = PBXBuildFile; fileRef = A083CF4B1F0BD103007AEFBC /* LaunchScreen.storyboard */; };
		A083CF551F0BD580007AEFBC /* ActivityTableViewController.swift in Sources */ = {isa = PBXBuildFile; fileRef = A083CF541F0BD580007AEFBC /* ActivityTableViewController.swift */; };
		A083CF571F0BD65F007AEFBC /* Activity.swift in Sources */ = {isa = PBXBuildFile; fileRef = A083CF561F0BD65F007AEFBC /* Activity.swift */; };
		A083CF591F0BE075007AEFBC /* AddActivityViewController.swift in Sources */ = {isa = PBXBuildFile; fileRef = A083CF581F0BE075007AEFBC /* AddActivityViewController.swift */; };
		A083CF831F0D15CB007AEFBC /* AddActivityDelegate.swift in Sources */ = {isa = PBXBuildFile; fileRef = A083CF821F0D15CA007AEFBC /* AddActivityDelegate.swift */; };
		A083CF8B1F0E817C007AEFBC /* ActivityTableViewCell.swift in Sources */ = {isa = PBXBuildFile; fileRef = A083CF8A1F0E817C007AEFBC /* ActivityTableViewCell.swift */; };
		A083CF8D1F0FCA58007AEFBC /* Location.swift in Sources */ = {isa = PBXBuildFile; fileRef = A083CF8C1F0FCA58007AEFBC /* Location.swift */; };
/* End PBXBuildFile section */

/* Begin PBXFileReference section */
		8667D42E442EA55EF9A14C17 /* Pods-iX_test.release.xcconfig */ = {isa = PBXFileReference; includeInIndex = 1; lastKnownFileType = text.xcconfig; name = "Pods-iX_test.release.xcconfig"; path = "Pods/Target Support Files/Pods-iX_test/Pods-iX_test.release.xcconfig"; sourceTree = "<group>"; };
		A083CF3F1F0BD103007AEFBC /* iX_test.app */ = {isa = PBXFileReference; explicitFileType = wrapper.application; includeInIndex = 0; path = iX_test.app; sourceTree = BUILT_PRODUCTS_DIR; };
		A083CF421F0BD103007AEFBC /* AppDelegate.swift */ = {isa = PBXFileReference; lastKnownFileType = sourcecode.swift; path = AppDelegate.swift; sourceTree = "<group>"; };
		A083CF441F0BD103007AEFBC /* MapViewController.swift */ = {isa = PBXFileReference; lastKnownFileType = sourcecode.swift; path = MapViewController.swift; sourceTree = "<group>"; };
		A083CF471F0BD103007AEFBC /* Base */ = {isa = PBXFileReference; lastKnownFileType = file.storyboard; name = Base; path = Base.lproj/Main.storyboard; sourceTree = "<group>"; };
		A083CF491F0BD103007AEFBC /* Assets.xcassets */ = {isa = PBXFileReference; lastKnownFileType = folder.assetcatalog; path = Assets.xcassets; sourceTree = "<group>"; };
		A083CF4C1F0BD103007AEFBC /* Base */ = {isa = PBXFileReference; lastKnownFileType = file.storyboard; name = Base; path = Base.lproj/LaunchScreen.storyboard; sourceTree = "<group>"; };
		A083CF4E1F0BD103007AEFBC /* Info.plist */ = {isa = PBXFileReference; lastKnownFileType = text.plist.xml; path = Info.plist; sourceTree = "<group>"; };
		A083CF541F0BD580007AEFBC /* ActivityTableViewController.swift */ = {isa = PBXFileReference; fileEncoding = 4; lastKnownFileType = sourcecode.swift; path = ActivityTableViewController.swift; sourceTree = "<group>"; };
		A083CF561F0BD65F007AEFBC /* Activity.swift */ = {isa = PBXFileReference; fileEncoding = 4; lastKnownFileType = sourcecode.swift; path = Activity.swift; sourceTree = "<group>"; };
		A083CF581F0BE075007AEFBC /* AddActivityViewController.swift */ = {isa = PBXFileReference; fileEncoding = 4; lastKnownFileType = sourcecode.swift; path = AddActivityViewController.swift; sourceTree = "<group>"; };
		A083CF821F0D15CA007AEFBC /* AddActivityDelegate.swift */ = {isa = PBXFileReference; fileEncoding = 4; lastKnownFileType = sourcecode.swift; path = AddActivityDelegate.swift; sourceTree = "<group>"; };
		A083CF8A1F0E817C007AEFBC /* ActivityTableViewCell.swift */ = {isa = PBXFileReference; fileEncoding = 4; lastKnownFileType = sourcecode.swift; path = ActivityTableViewCell.swift; sourceTree = "<group>"; };
		A083CF8C1F0FCA58007AEFBC /* Location.swift */ = {isa = PBXFileReference; fileEncoding = 4; lastKnownFileType = sourcecode.swift; path = Location.swift; sourceTree = "<group>"; };
		A349BA363CB08B8B428A428F /* Pods-iX_test.debug.xcconfig */ = {isa = PBXFileReference; includeInIndex = 1; lastKnownFileType = text.xcconfig; name = "Pods-iX_test.debug.xcconfig"; path = "Pods/Target Support Files/Pods-iX_test/Pods-iX_test.debug.xcconfig"; sourceTree = "<group>"; };
		AFB5CEF6910F51835F12E099 /* Pods_iX_test.framework */ = {isa = PBXFileReference; explicitFileType = wrapper.framework; includeInIndex = 0; path = Pods_iX_test.framework; sourceTree = BUILT_PRODUCTS_DIR; };
/* End PBXFileReference section */

/* Begin PBXFrameworksBuildPhase section */
		A083CF3C1F0BD103007AEFBC /* Frameworks */ = {
			isa = PBXFrameworksBuildPhase;
			buildActionMask = 2147483647;
			files = (
				936E4EE1F0B67CC795A2CD0E /* Pods_iX_test.framework in Frameworks */,
			);
			runOnlyForDeploymentPostprocessing = 0;
		};
/* End PBXFrameworksBuildPhase section */

/* Begin PBXGroup section */
		047CEB838D77D3BE25D88E32 /* Frameworks */ = {
			isa = PBXGroup;
			children = (
				AFB5CEF6910F51835F12E099 /* Pods_iX_test.framework */,
			);
			name = Frameworks;
			sourceTree = "<group>";
		};
		A083CF361F0BD103007AEFBC = {
			isa = PBXGroup;
			children = (
				A083CF411F0BD103007AEFBC /* iX_test */,
				A083CF401F0BD103007AEFBC /* Products */,
				EF1C16761D9E18AAA6226CF8 /* Pods */,
				047CEB838D77D3BE25D88E32 /* Frameworks */,
			);
			sourceTree = "<group>";
		};
		A083CF401F0BD103007AEFBC /* Products */ = {
			isa = PBXGroup;
			children = (
				A083CF3F1F0BD103007AEFBC /* iX_test.app */,
			);
			name = Products;
			sourceTree = "<group>";
		};
		A083CF411F0BD103007AEFBC /* iX_test */ = {
			isa = PBXGroup;
			children = (
				A083CF421F0BD103007AEFBC /* AppDelegate.swift */,
				A083CF441F0BD103007AEFBC /* MapViewController.swift */,
				A083CF461F0BD103007AEFBC /* Main.storyboard */,
				A083CF8A1F0E817C007AEFBC /* ActivityTableViewCell.swift */,
				A083CF581F0BE075007AEFBC /* AddActivityViewController.swift */,
				A083CF561F0BD65F007AEFBC /* Activity.swift */,
				A083CF491F0BD103007AEFBC /* Assets.xcassets */,
				A083CF541F0BD580007AEFBC /* ActivityTableViewController.swift */,
				A083CF821F0D15CA007AEFBC /* AddActivityDelegate.swift */,
				A083CF4B1F0BD103007AEFBC /* LaunchScreen.storyboard */,
				A083CF4E1F0BD103007AEFBC /* Info.plist */,
				A083CF8C1F0FCA58007AEFBC /* Location.swift */,
			);
			path = iX_test;
			sourceTree = "<group>";
		};
		EF1C16761D9E18AAA6226CF8 /* Pods */ = {
			isa = PBXGroup;
			children = (
				A349BA363CB08B8B428A428F /* Pods-iX_test.debug.xcconfig */,
				8667D42E442EA55EF9A14C17 /* Pods-iX_test.release.xcconfig */,
			);
			name = Pods;
			sourceTree = "<group>";
		};
/* End PBXGroup section */

/* Begin PBXNativeTarget section */
		A083CF3E1F0BD103007AEFBC /* iX_test */ = {
			isa = PBXNativeTarget;
			buildConfigurationList = A083CF511F0BD103007AEFBC /* Build configuration list for PBXNativeTarget "iX_test" */;
			buildPhases = (
				2AA30CEA5CCA04D1A314FA98 /* [CP] Check Pods Manifest.lock */,
				A083CF3B1F0BD103007AEFBC /* Sources */,
				A083CF3C1F0BD103007AEFBC /* Frameworks */,
				A083CF3D1F0BD103007AEFBC /* Resources */,
				26B5EE719006B3B7B611D905 /* [CP] Embed Pods Frameworks */,
				59E98827463C2298A3D98244 /* [CP] Copy Pods Resources */,
			);
			buildRules = (
			);
			dependencies = (
			);
			name = iX_test;
			productName = iX_test;
			productReference = A083CF3F1F0BD103007AEFBC /* iX_test.app */;
			productType = "com.apple.product-type.application";
		};
/* End PBXNativeTarget section */

/* Begin PBXProject section */
		A083CF371F0BD103007AEFBC /* Project object */ = {
			isa = PBXProject;
			attributes = {
				LastSwiftUpdateCheck = 0830;
				LastUpgradeCheck = 0830;
				ORGANIZATIONNAME = "Ally Mahmoud";
				TargetAttributes = {
					A083CF3E1F0BD103007AEFBC = {
						CreatedOnToolsVersion = 8.3.1;
						DevelopmentTeam = FM2EY39XWE;
						ProvisioningStyle = Automatic;
					};
				};
			};
			buildConfigurationList = A083CF3A1F0BD103007AEFBC /* Build configuration list for PBXProject "iX_test" */;
			compatibilityVersion = "Xcode 3.2";
			developmentRegion = English;
			hasScannedForEncodings = 0;
			knownRegions = (
				en,
				Base,
			);
			mainGroup = A083CF361F0BD103007AEFBC;
			productRefGroup = A083CF401F0BD103007AEFBC /* Products */;
			projectDirPath = "";
			projectRoot = "";
			targets = (
				A083CF3E1F0BD103007AEFBC /* iX_test */,
			);
		};
/* End PBXProject section */

/* Begin PBXResourcesBuildPhase section */
		A083CF3D1F0BD103007AEFBC /* Resources */ = {
			isa = PBXResourcesBuildPhase;
			buildActionMask = 2147483647;
			files = (
				A083CF4D1F0BD103007AEFBC /* LaunchScreen.storyboard in Resources */,
				A083CF4A1F0BD103007AEFBC /* Assets.xcassets in Resources */,
				A083CF481F0BD103007AEFBC /* Main.storyboard in Resources */,
			);
			runOnlyForDeploymentPostprocessing = 0;
		};
/* End PBXResourcesBuildPhase section */

/* Begin PBXShellScriptBuildPhase section */
		26B5EE719006B3B7B611D905 /* [CP] Embed Pods Frameworks */ = {
			isa = PBXShellScriptBuildPhase;
			buildActionMask = 2147483647;
			files = (
			);
			inputPaths = (
			);
			name = "[CP] Embed Pods Frameworks";
			outputPaths = (
			);
			runOnlyForDeploymentPostprocessing = 0;
			shellPath = /bin/sh;
			shellScript = "\"${SRCROOT}/Pods/Target Support Files/Pods-iX_test/Pods-iX_test-frameworks.sh\"\n";
			showEnvVarsInLog = 0;
		};
		2AA30CEA5CCA04D1A314FA98 /* [CP] Check Pods Manifest.lock */ = {
			isa = PBXShellScriptBuildPhase;
			buildActionMask = 2147483647;
			files = (
			);
			inputPaths = (
			);
			name = "[CP] Check Pods Manifest.lock";
			outputPaths = (
			);
			runOnlyForDeploymentPostprocessing = 0;
			shellPath = /bin/sh;
			shellScript = "diff \"${PODS_PODFILE_DIR_PATH}/Podfile.lock\" \"${PODS_ROOT}/Manifest.lock\" > /dev/null\nif [ $? != 0 ] ; then\n    # print error to STDERR\n    echo \"error: The sandbox is not in sync with the Podfile.lock. Run 'pod install' or update your CocoaPods installation.\" >&2\n    exit 1\nfi\n";
			showEnvVarsInLog = 0;
		};
		59E98827463C2298A3D98244 /* [CP] Copy Pods Resources */ = {
			isa = PBXShellScriptBuildPhase;
			buildActionMask = 2147483647;
			files = (
			);
			inputPaths = (
			);
			name = "[CP] Copy Pods Resources";
			outputPaths = (
			);
			runOnlyForDeploymentPostprocessing = 0;
			shellPath = /bin/sh;
			shellScript = "\"${SRCROOT}/Pods/Target Support Files/Pods-iX_test/Pods-iX_test-resources.sh\"\n";
			showEnvVarsInLog = 0;
		};
/* End PBXShellScriptBuildPhase section */

/* Begin PBXSourcesBuildPhase section */
		A083CF3B1F0BD103007AEFBC /* Sources */ = {
			isa = PBXSourcesBuildPhase;
			buildActionMask = 2147483647;
			files = (
				A083CF451F0BD103007AEFBC /* MapViewController.swift in Sources */,
				A083CF831F0D15CB007AEFBC /* AddActivityDelegate.swift in Sources */,
				A083CF8D1F0FCA58007AEFBC /* Location.swift in Sources */,
				A083CF431F0BD103007AEFBC /* AppDelegate.swift in Sources */,
				A083CF571F0BD65F007AEFBC /* Activity.swift in Sources */,
				A083CF8B1F0E817C007AEFBC /* ActivityTableViewCell.swift in Sources */,
				A083CF591F0BE075007AEFBC /* AddActivityViewController.swift in Sources */,
				A083CF551F0BD580007AEFBC /* ActivityTableViewController.swift in Sources */,
			);
			runOnlyForDeploymentPostprocessing = 0;
		};
/* End PBXSourcesBuildPhase section */

/* Begin PBXVariantGroup section */
		A083CF461F0BD103007AEFBC /* Main.storyboard */ = {
			isa = PBXVariantGroup;
			children = (
				A083CF471F0BD103007AEFBC /* Base */,
			);
			name = Main.storyboard;
			sourceTree = "<group>";
		};
		A083CF4B1F0BD103007AEFBC /* LaunchScreen.storyboard */ = {
			isa = PBXVariantGroup;
			children = (
				A083CF4C1F0BD103007AEFBC /* Base */,
			);
			name = LaunchScreen.storyboard;
			sourceTree = "<group>";
		};
/* End PBXVariantGroup section */

/* Begin XCBuildConfiguration section */
		A083CF4F1F0BD103007AEFBC /* Debug */ = {
			isa = XCBuildConfiguration;
			buildSettings = {
				ALWAYS_SEARCH_USER_PATHS = NO;
				CLANG_ANALYZER_NONNULL = YES;
				CLANG_ANALYZER_NUMBER_OBJECT_CONVERSION = YES_AGGRESSIVE;
				CLANG_CXX_LANGUAGE_STANDARD = "gnu++0x";
				CLANG_CXX_LIBRARY = "libc++";
				CLANG_ENABLE_MODULES = YES;
				CLANG_ENABLE_OBJC_ARC = YES;
				CLANG_WARN_BOOL_CONVERSION = YES;
				CLANG_WARN_CONSTANT_CONVERSION = YES;
				CLANG_WARN_DIRECT_OBJC_ISA_USAGE = YES_ERROR;
				CLANG_WARN_DOCUMENTATION_COMMENTS = YES;
				CLANG_WARN_EMPTY_BODY = YES;
				CLANG_WARN_ENUM_CONVERSION = YES;
				CLANG_WARN_INFINITE_RECURSION = YES;
				CLANG_WARN_INT_CONVERSION = YES;
				CLANG_WARN_OBJC_ROOT_CLASS = YES_ERROR;
				CLANG_WARN_SUSPICIOUS_MOVE = YES;
				CLANG_WARN_UNREACHABLE_CODE = YES;
				CLANG_WARN__DUPLICATE_METHOD_MATCH = YES;
				"CODE_SIGN_IDENTITY[sdk=iphoneos*]" = "iPhone Developer";
				COPY_PHASE_STRIP = NO;
				DEBUG_INFORMATION_FORMAT = dwarf;
				ENABLE_STRICT_OBJC_MSGSEND = YES;
				ENABLE_TESTABILITY = YES;
				GCC_C_LANGUAGE_STANDARD = gnu99;
				GCC_DYNAMIC_NO_PIC = NO;
				GCC_NO_COMMON_BLOCKS = YES;
				GCC_OPTIMIZATION_LEVEL = 0;
				GCC_PREPROCESSOR_DEFINITIONS = (
					"DEBUG=1",
					"$(inherited)",
				);
				GCC_WARN_64_TO_32_BIT_CONVERSION = YES;
				GCC_WARN_ABOUT_RETURN_TYPE = YES_ERROR;
				GCC_WARN_UNDECLARED_SELECTOR = YES;
				GCC_WARN_UNINITIALIZED_AUTOS = YES_AGGRESSIVE;
				GCC_WARN_UNUSED_FUNCTION = YES;
				GCC_WARN_UNUSED_VARIABLE = YES;
				IPHONEOS_DEPLOYMENT_TARGET = 10.3;
				MTL_ENABLE_DEBUG_INFO = YES;
				ONLY_ACTIVE_ARCH = YES;
				SDKROOT = iphoneos;
				SWIFT_ACTIVE_COMPILATION_CONDITIONS = DEBUG;
				SWIFT_OPTIMIZATION_LEVEL = "-Onone";
				TARGETED_DEVICE_FAMILY = "1,2";
			};
			name = Debug;
		};
		A083CF501F0BD103007AEFBC /* Release */ = {
			isa = XCBuildConfiguration;
			buildSettings = {
				ALWAYS_SEARCH_USER_PATHS = NO;
				CLANG_ANALYZER_NONNULL = YES;
				CLANG_ANALYZER_NUMBER_OBJECT_CONVERSION = YES_AGGRESSIVE;
				CLANG_CXX_LANGUAGE_STANDARD = "gnu++0x";
				CLANG_CXX_LIBRARY = "libc++";
				CLANG_ENABLE_MODULES = YES;
				CLANG_ENABLE_OBJC_ARC = YES;
				CLANG_WARN_BOOL_CONVERSION = YES;
				CLANG_WARN_CONSTANT_CONVERSION = YES;
				CLANG_WARN_DIRECT_OBJC_ISA_USAGE = YES_ERROR;
				CLANG_WARN_DOCUMENTATION_COMMENTS = YES;
				CLANG_WARN_EMPTY_BODY = YES;
				CLANG_WARN_ENUM_CONVERSION = YES;
				CLANG_WARN_INFINITE_RECURSION = YES;
				CLANG_WARN_INT_CONVERSION = YES;
				CLANG_WARN_OBJC_ROOT_CLASS = YES_ERROR;
				CLANG_WARN_SUSPICIOUS_MOVE = YES;
				CLANG_WARN_UNREACHABLE_CODE = YES;
				CLANG_WARN__DUPLICATE_METHOD_MATCH = YES;
				"CODE_SIGN_IDENTITY[sdk=iphoneos*]" = "iPhone Developer";
				COPY_PHASE_STRIP = NO;
				DEBUG_INFORMATION_FORMAT = "dwarf-with-dsym";
				ENABLE_NS_ASSERTIONS = NO;
				ENABLE_STRICT_OBJC_MSGSEND = YES;
				GCC_C_LANGUAGE_STANDARD = gnu99;
				GCC_NO_COMMON_BLOCKS = YES;
				GCC_WARN_64_TO_32_BIT_CONVERSION = YES;
				GCC_WARN_ABOUT_RETURN_TYPE = YES_ERROR;
				GCC_WARN_UNDECLARED_SELECTOR = YES;
				GCC_WARN_UNINITIALIZED_AUTOS = YES_AGGRESSIVE;
				GCC_WARN_UNUSED_FUNCTION = YES;
				GCC_WARN_UNUSED_VARIABLE = YES;
				IPHONEOS_DEPLOYMENT_TARGET = 10.3;
				MTL_ENABLE_DEBUG_INFO = NO;
				SDKROOT = iphoneos;
				SWIFT_OPTIMIZATION_LEVEL = "-Owholemodule";
				TARGETED_DEVICE_FAMILY = "1,2";
				VALIDATE_PRODUCT = YES;
			};
			name = Release;
		};
		A083CF521F0BD103007AEFBC /* Debug */ = {
			isa = XCBuildConfiguration;
			baseConfigurationReference = A349BA363CB08B8B428A428F /* Pods-iX_test.debug.xcconfig */;
			buildSettings = {
				ASSETCATALOG_COMPILER_APPICON_NAME = AppIcon;
				DEVELOPMENT_TEAM = FM2EY39XWE;
				INFOPLIST_FILE = iX_test/Info.plist;
				LD_RUNPATH_SEARCH_PATHS = "$(inherited) @executable_path/Frameworks";
				PRODUCT_BUNDLE_IDENTIFIER = "com.superbluebird.iX-test";
				PRODUCT_NAME = "$(TARGET_NAME)";
				SWIFT_VERSION = 3.0;
			};
			name = Debug;
		};
		A083CF531F0BD103007AEFBC /* Release */ = {
			isa = XCBuildConfiguration;
			baseConfigurationReference = 8667D42E442EA55EF9A14C17 /* Pods-iX_test.release.xcconfig */;
			buildSettings = {
				ASSETCATALOG_COMPILER_APPICON_NAME = AppIcon;
				DEVELOPMENT_TEAM = FM2EY39XWE;
				INFOPLIST_FILE = iX_test/Info.plist;
				LD_RUNPATH_SEARCH_PATHS = "$(inherited) @executable_path/Frameworks";
				PRODUCT_BUNDLE_IDENTIFIER = "com.superbluebird.iX-test";
				PRODUCT_NAME = "$(TARGET_NAME)";
				SWIFT_VERSION = 3.0;
			};
			name = Release;
		};
/* End XCBuildConfiguration section */

/* Begin XCConfigurationList section */
		A083CF3A1F0BD103007AEFBC /* Build configuration list for PBXProject "iX_test" */ = {
			isa = XCConfigurationList;
			buildConfigurations = (
				A083CF4F1F0BD103007AEFBC /* Debug */,
				A083CF501F0BD103007AEFBC /* Release */,
			);
			defaultConfigurationIsVisible = 0;
			defaultConfigurationName = Release;
		};
		A083CF511F0BD103007AEFBC /* Build configuration list for PBXNativeTarget "iX_test" */ = {
			isa = XCConfigurationList;
			buildConfigurations = (
				A083CF521F0BD103007AEFBC /* Debug */,
				A083CF531F0BD103007AEFBC /* Release */,
			);
			defaultConfigurationIsVisible = 0;
			defaultConfigurationName = Release;
		};
/* End XCConfigurationList section */
	};
	rootObject = A083CF371F0BD103007AEFBC /* Project object */;
}
